
Microsoft Visual Studio Solution File, Format Version 12.00
# Visual Studio Version 17
VisualStudioVersion = 17.9.34902.65
MinimumVisualStudioVersion = 10.0.40219.1
Project("{FAE04EC0-301F-11D3-BF4B-00C04F79EFBC}") = "tema7.1", "tema7.1\tema7.1.csproj", "{15244829-A738-49F0-9FF3-742AD85EB3C4}"
EndProject
Global
	GlobalSection(SolutionConfigurationPlatforms) = preSolution
		Debug|Any CPU = Debug|Any CPU
		Release|Any CPU = Release|Any CPU
	EndGlobalSection
	GlobalSection(ProjectConfigurationPlatforms) = postSolution
		{15244829-A738-49F0-9FF3-742AD85EB3C4}.Debug|Any CPU.ActiveCfg = Debug|Any CPU
		{15244829-A738-49F0-9FF3-742AD85EB3C4}.Debug|Any CPU.Build.0 = Debug|Any CPU
		{15244829-A738-49F0-9FF3-742AD85EB3C4}.Release|Any CPU.ActiveCfg = Release|Any CPU
		{15244829-A738-49F0-9FF3-742AD85EB3C4}.Release|Any CPU.Build.0 = Release|Any CPU
	EndGlobalSection
	GlobalSection(SolutionProperties) = preSolution
		HideSolutionNode = FALSE
	EndGlobalSection
	GlobalSection(ExtensibilityGlobals) = postSolution
		SolutionGuid = {4D7A2F96-BD14-4B41-8519-9CD9B520A96A}
	EndGlobalSection
EndGlobal
